// !$*UTF8*$!
{
	archiveVersion = 1;
	classes = {
	};
	objectVersion = 46;
	objects = {

/* Begin PBXBuildFile section */
		1BF8BA2D1C6D947B0096FDB7 /* AppDelegate.swift in Sources */ = {isa = PBXBuildFile; fileRef = 1BF8BA2C1C6D947B0096FDB7 /* AppDelegate.swift */; };
		1BF8BA2F1C6D947B0096FDB7 /* ViewController.swift in Sources */ = {isa = PBXBuildFile; fileRef = 1BF8BA2E1C6D947B0096FDB7 /* ViewController.swift */; };
		1BF8BA321C6D947B0096FDB7 /* Main.storyboard in Resources */ = {isa = PBXBuildFile; fileRef = 1BF8BA301C6D947B0096FDB7 /* Main.storyboard */; };
		1BF8BA341C6D947B0096FDB7 /* Assets.xcassets in Resources */ = {isa = PBXBuildFile; fileRef = 1BF8BA331C6D947B0096FDB7 /* Assets.xcassets */; };
		1BF8BA371C6D947B0096FDB7 /* LaunchScreen.storyboard in Resources */ = {isa = PBXBuildFile; fileRef = 1BF8BA351C6D947B0096FDB7 /* LaunchScreen.storyboard */; };
		1BF8BA441C6D95D90096FDB7 /* Person.swift in Sources */ = {isa = PBXBuildFile; fileRef = 1BF8BA431C6D95D90096FDB7 /* Person.swift */; };
		1BF8BA461C6D9CA40096FDB7 /* RoundedImageView.swift in Sources */ = {isa = PBXBuildFile; fileRef = 1BF8BA451C6D9CA40096FDB7 /* RoundedImageView.swift */; };
/* End PBXBuildFile section */

/* Begin PBXFileReference section */
		1BF8BA291C6D947B0096FDB7 /* mvc-test.app */ = {isa = PBXFileReference; explicitFileType = wrapper.application; includeInIndex = 0; path = "mvc-test.app"; sourceTree = BUILT_PRODUCTS_DIR; };
		1BF8BA2C1C6D947B0096FDB7 /* AppDelegate.swift */ = {isa = PBXFileReference; lastKnownFileType = sourcecode.swift; path = AppDelegate.swift; sourceTree = "<group>"; };
		1BF8BA2E1C6D947B0096FDB7 /* ViewController.swift */ = {isa = PBXFileReference; lastKnownFileType = sourcecode.swift; path = ViewController.swift; sourceTree = "<group>"; };
		1BF8BA311C6D947B0096FDB7 /* Base */ = {isa = PBXFileReference; lastKnownFileType = file.storyboard; name = Base; path = Base.lproj/Main.storyboard; sourceTree = "<group>"; };
		1BF8BA331C6D947B0096FDB7 /* Assets.xcassets */ = {isa = PBXFileReference; lastKnownFileType = folder.assetcatalog; path = Assets.xcassets; sourceTree = "<group>"; };
		1BF8BA361C6D947B0096FDB7 /* Base */ = {isa = PBXFileReference; lastKnownFileType = file.storyboard; name = Base; path = Base.lproj/LaunchScreen.storyboard; sourceTree = "<group>"; };
		1BF8BA381C6D947B0096FDB7 /* Info.plist */ = {isa = PBXFileReference; lastKnownFileType = text.plist.xml; path = Info.plist; sourceTree = "<group>"; };
		1BF8BA431C6D95D90096FDB7 /* Person.swift */ = {isa = PBXFileReference; fileEncoding = 4; lastKnownFileType = sourcecode.swift; path = Person.swift; sourceTree = "<group>"; };
		1BF8BA451C6D9CA40096FDB7 /* RoundedImageView.swift */ = {isa = PBXFileReference; fileEncoding = 4; lastKnownFileType = sourcecode.swift; path = RoundedImageView.swift; sourceTree = "<group>"; };
/* End PBXFileReference section */

/* Begin PBXFrameworksBuildPhase section */
		1BF8BA261C6D947B0096FDB7 /* Frameworks */ = {
			isa = PBXFrameworksBuildPhase;
			buildActionMask = 2147483647;
			files = (
			);
			runOnlyForDeploymentPostprocessing = 0;
		};
/* End PBXFrameworksBuildPhase section */

/* Begin PBXGroup section */
		1BF8BA201C6D947B0096FDB7 = {
			isa = PBXGroup;
			children = (
				1BF8BA2B1C6D947B0096FDB7 /* mvc-test */,
				1BF8BA2A1C6D947B0096FDB7 /* Products */,
			);
			sourceTree = "<group>";
		};
		1BF8BA2A1C6D947B0096FDB7 /* Products */ = {
			isa = PBXGroup;
			children = (
				1BF8BA291C6D947B0096FDB7 /* mvc-test.app */,
			);
			name = Products;
			sourceTree = "<group>";
		};
		1BF8BA2B1C6D947B0096FDB7 /* mvc-test */ = {
			isa = PBXGroup;
			children = (
				1BF8BA421C6D95800096FDB7 /* Util */,
				1BF8BA411C6D956C0096FDB7 /* Resources */,
				1BF8BA401C6D951D0096FDB7 /* Model */,
				1BF8BA3F1C6D950E0096FDB7 /* View */,
				1BF8BA3E1C6D94DC0096FDB7 /* Controller */,
				1BF8BA2C1C6D947B0096FDB7 /* AppDelegate.swift */,
				1BF8BA301C6D947B0096FDB7 /* Main.storyboard */,
				1BF8BA331C6D947B0096FDB7 /* Assets.xcassets */,
				1BF8BA351C6D947B0096FDB7 /* LaunchScreen.storyboard */,
				1BF8BA381C6D947B0096FDB7 /* Info.plist */,
			);
			path = "mvc-test";
			sourceTree = "<group>";
		};
		1BF8BA3E1C6D94DC0096FDB7 /* Controller */ = {
			isa = PBXGroup;
			children = (
				1BF8BA2E1C6D947B0096FDB7 /* ViewController.swift */,
			);
			name = Controller;
			sourceTree = "<group>";
		};
		1BF8BA3F1C6D950E0096FDB7 /* View */ = {
			isa = PBXGroup;
			children = (
				1BF8BA451C6D9CA40096FDB7 /* RoundedImageView.swift */,
			);
			name = View;
			sourceTree = "<group>";
		};
		1BF8BA401C6D951D0096FDB7 /* Model */ = {
			isa = PBXGroup;
			children = (
				1BF8BA431C6D95D90096FDB7 /* Person.swift */,
			);
			name = Model;
			sourceTree = "<group>";
		};
		1BF8BA411C6D956C0096FDB7 /* Resources */ = {
			isa = PBXGroup;
			children = (
			);
			name = Resources;
			sourceTree = "<group>";
		};
		1BF8BA421C6D95800096FDB7 /* Util */ = {
			isa = PBXGroup;
			children = (
			);
			name = Util;
			sourceTree = "<group>";
		};
/* End PBXGroup section */

/* Begin PBXNativeTarget section */
		1BF8BA281C6D947B0096FDB7 /* mvc-test */ = {
			isa = PBXNativeTarget;
			buildConfigurationList = 1BF8BA3B1C6D947B0096FDB7 /* Build configuration list for PBXNativeTarget "mvc-test" */;
			buildPhases = (
				1BF8BA251C6D947B0096FDB7 /* Sources */,
				1BF8BA261C6D947B0096FDB7 /* Frameworks */,
				1BF8BA271C6D947B0096FDB7 /* Resources */,
			);
			buildRules = (
			);
			dependencies = (
			);
			name = "mvc-test";
			productName = "mvc-test";
			productReference = 1BF8BA291C6D947B0096FDB7 /* mvc-test.app */;
			productType = "com.apple.product-type.application";
		};
/* End PBXNativeTarget section */

/* Begin PBXProject section */
		1BF8BA211C6D947B0096FDB7 /* Project object */ = {
			isa = PBXProject;
			attributes = {
				LastSwiftUpdateCheck = 0720;
				LastUpgradeCheck = 0720;
				ORGANIZATIONNAME = "redeye-dev";
				TargetAttributes = {
					1BF8BA281C6D947B0096FDB7 = {
						CreatedOnToolsVersion = 7.2.1;
					};
				};
			};
			buildConfigurationList = 1BF8BA241C6D947B0096FDB7 /* Build configuration list for PBXProject "mvc-test" */;
			compatibilityVersion = "Xcode 3.2";
			developmentRegion = English;
			hasScannedForEncodings = 0;
			knownRegions = (
				en,
				Base,
			);
			mainGroup = 1BF8BA201C6D947B0096FDB7;
			productRefGroup = 1BF8BA2A1C6D947B0096FDB7 /* Products */;
			projectDirPath = "";
			projectRoot = "";
			targets = (
				1BF8BA281C6D947B0096FDB7 /* mvc-test */,
			);
		};
/* End PBXProject section */

/* Begin PBXResourcesBuildPhase section */
		1BF8BA271C6D947B0096FDB7 /* Resources */ = {
			isa = PBXResourcesBuildPhase;
			buildActionMask = 2147483647;
			files = (
				1BF8BA371C6D947B0096FDB7 /* LaunchScreen.storyboard in Resources */,
				1BF8BA341C6D947B0096FDB7 /* Assets.xcassets in Resources */,
				1BF8BA321C6D947B0096FDB7 /* Main.storyboard in Resources */,
			);
			runOnlyForDeploymentPostprocessing = 0;
		};
/* End PBXResourcesBuildPhase section */

/* Begin PBXSourcesBuildPhase section */
		1BF8BA251C6D947B0096FDB7 /* Sources */ = {
			isa = PBXSourcesBuildPhase;
			buildActionMask = 2147483647;
			files = (
				1BF8BA461C6D9CA40096FDB7 /* RoundedImageView.swift in Sources */,
				1BF8BA441C6D95D90096FDB7 /* Person.swift in Sources */,
				1BF8BA2F1C6D947B0096FDB7 /* ViewController.swift in Sources */,
				1BF8BA2D1C6D947B0096FDB7 /* AppDelegate.swift in Sources */,
			);
			runOnlyForDeploymentPostprocessing = 0;
		};
/* End PBXSourcesBuildPhase section */

/* Begin PBXVariantGroup section */
		1BF8BA301C6D947B0096FDB7 /* Main.storyboard */ = {
			isa = PBXVariantGroup;
			children = (
				1BF8BA311C6D947B0096FDB7 /* Base */,
			);
			name = Main.storyboard;
			sourceTree = "<group>";
		};
		1BF8BA351C6D947B0096FDB7 /* LaunchScreen.storyboard */ = {
			isa = PBXVariantGroup;
			children = (
				1BF8BA361C6D947B0096FDB7 /* Base */,
			);
			name = LaunchScreen.storyboard;
			sourceTree = "<group>";
		};
/* End PBXVariantGroup section */

/* Begin XCBuildConfiguration section */
		1BF8BA391C6D947B0096FDB7 /* Debug */ = {
			isa = XCBuildConfiguration;
			buildSettings = {
				ALWAYS_SEARCH_USER_PATHS = NO;
				CLANG_CXX_LANGUAGE_STANDARD = "gnu++0x";
				CLANG_CXX_LIBRARY = "libc++";
				CLANG_ENABLE_MODULES = YES;
				CLANG_ENABLE_OBJC_ARC = YES;
				CLANG_WARN_BOOL_CONVERSION = YES;
				CLANG_WARN_CONSTANT_CONVERSION = YES;
				CLANG_WARN_DIRECT_OBJC_ISA_USAGE = YES_ERROR;
				CLANG_WARN_EMPTY_BODY = YES;
				CLANG_WARN_ENUM_CONVERSION = YES;
				CLANG_WARN_INT_CONVERSION = YES;
				CLANG_WARN_OBJC_ROOT_CLASS = YES_ERROR;
				CLANG_WARN_UNREACHABLE_CODE = YES;
				CLANG_WARN__DUPLICATE_METHOD_MATCH = YES;
				"CODE_SIGN_IDENTITY[sdk=iphoneos*]" = "iPhone Developer";
				COPY_PHASE_STRIP = NO;
				DEBUG_INFORMATION_FORMAT = dwarf;
				ENABLE_STRICT_OBJC_MSGSEND = YES;
				ENABLE_TESTABILITY = YES;
				GCC_C_LANGUAGE_STANDARD = gnu99;
				GCC_DYNAMIC_NO_PIC = NO;
				GCC_NO_COMMON_BLOCKS = YES;
				GCC_OPTIMIZATION_LEVEL = 0;
				GCC_PREPROCESSOR_DEFINITIONS = (
					"DEBUG=1",
					"$(inherited)",
				);
				GCC_WARN_64_TO_32_BIT_CONVERSION = YES;
				GCC_WARN_ABOUT_RETURN_TYPE = YES_ERROR;
				GCC_WARN_UNDECLARED_SELECTOR = YES;
				GCC_WARN_UNINITIALIZED_AUTOS = YES_AGGRESSIVE;
				GCC_WARN_UNUSED_FUNCTION = YES;
				GCC_WARN_UNUSED_VARIABLE = YES;
				IPHONEOS_DEPLOYMENT_TARGET = 9.2;
				MTL_ENABLE_DEBUG_INFO = YES;
				ONLY_ACTIVE_ARCH = YES;
				SDKROOT = iphoneos;
				SWIFT_OPTIMIZATION_LEVEL = "-Onone";
				TARGETED_DEVICE_FAMILY = "1,2";
			};
			name = Debug;
		};
		1BF8BA3A1C6D947B0096FDB7 /* Release */ = {
			isa = XCBuildConfiguration;
			buildSettings = {
				ALWAYS_SEARCH_USER_PATHS = NO;
				CLANG_CXX_LANGUAGE_STANDARD = "gnu++0x";
				CLANG_CXX_LIBRARY = "libc++";
				CLANG_ENABLE_MODULES = YES;
				CLANG_ENABLE_OBJC_ARC = YES;
				CLANG_WARN_BOOL_CONVERSION = YES;
				CLANG_WARN_CONSTANT_CONVERSION = YES;
				CLANG_WARN_DIRECT_OBJC_ISA_USAGE = YES_ERROR;
				CLANG_WARN_EMPTY_BODY = YES;
				CLANG_WARN_ENUM_CONVERSION = YES;
				CLANG_WARN_INT_CONVERSION = YES;
				CLANG_WARN_OBJC_ROOT_CLASS = YES_ERROR;
				CLANG_WARN_UNREACHABLE_CODE = YES;
				CLANG_WARN__DUPLICATE_METHOD_MATCH = YES;
				"CODE_SIGN_IDENTITY[sdk=iphoneos*]" = "iPhone Developer";
				COPY_PHASE_STRIP = NO;
				DEBUG_INFORMATION_FORMAT = "dwarf-with-dsym";
				ENABLE_NS_ASSERTIONS = NO;
				ENABLE_STRICT_OBJC_MSGSEND = YES;
				GCC_C_LANGUAGE_STANDARD = gnu99;
				GCC_NO_COMMON_BLOCKS = YES;
				GCC_WARN_64_TO_32_BIT_CONVERSION = YES;
				GCC_WARN_ABOUT_RETURN_TYPE = YES_ERROR;
				GCC_WARN_UNDECLARED_SELECTOR = YES;
				GCC_WARN_UNINITIALIZED_AUTOS = YES_AGGRESSIVE;
				GCC_WARN_UNUSED_FUNCTION = YES;
				GCC_WARN_UNUSED_VARIABLE = YES;
				IPHONEOS_DEPLOYMENT_TARGET = 9.2;
				MTL_ENABLE_DEBUG_INFO = NO;
				SDKROOT = iphoneos;
				TARGETED_DEVICE_FAMILY = "1,2";
				VALIDATE_PRODUCT = YES;
			};
			name = Release;
		};
		1BF8BA3C1C6D947B0096FDB7 /* Debug */ = {
			isa = XCBuildConfiguration;
			buildSettings = {
				ASSETCATALOG_COMPILER_APPICON_NAME = AppIcon;
				INFOPLIST_FILE = "mvc-test/Info.plist";
				LD_RUNPATH_SEARCH_PATHS = "$(inherited) @executable_path/Frameworks";
				PRODUCT_BUNDLE_IDENTIFIER = "com.toplevel.mvc-test";
				PRODUCT_NAME = "$(TARGET_NAME)";
			};
			name = Debug;
		};
		1BF8BA3D1C6D947B0096FDB7 /* Release */ = {
			isa = XCBuildConfiguration;
			buildSettings = {
				ASSETCATALOG_COMPILER_APPICON_NAME = AppIcon;
				INFOPLIST_FILE = "mvc-test/Info.plist";
				LD_RUNPATH_SEARCH_PATHS = "$(inherited) @executable_path/Frameworks";
				PRODUCT_BUNDLE_IDENTIFIER = "com.toplevel.mvc-test";
				PRODUCT_NAME = "$(TARGET_NAME)";
			};
			name = Release;
		};
/* End XCBuildConfiguration section */

/* Begin XCConfigurationList section */
		1BF8BA241C6D947B0096FDB7 /* Build configuration list for PBXProject "mvc-test" */ = {
			isa = XCConfigurationList;
			buildConfigurations = (
				1BF8BA391C6D947B0096FDB7 /* Debug */,
				1BF8BA3A1C6D947B0096FDB7 /* Release */,
			);
			defaultConfigurationIsVisible = 0;
			defaultConfigurationName = Release;
		};
		1BF8BA3B1C6D947B0096FDB7 /* Build configuration list for PBXNativeTarget "mvc-test" */ = {
			isa = XCConfigurationList;
			buildConfigurations = (
				1BF8BA3C1C6D947B0096FDB7 /* Debug */,
				1BF8BA3D1C6D947B0096FDB7 /* Release */,
			);
			defaultConfigurationIsVisible = 0;
		};
/* End XCConfigurationList section */
	};
	rootObject = 1BF8BA211C6D947B0096FDB7 /* Project object */;
}
